
Microsoft Visual Studio Solution File, Format Version 12.00
# Visual Studio Version 17
VisualStudioVersion = 17.3.32929.385
MinimumVisualStudioVersion = 10.0.40219.1
Project("{FAE04EC0-301F-11D3-BF4B-00C04F79EFBC}") = "BandCheck", "BandCheck\BandCheck.csproj", "{95697936-A06A-40A1-8D58-93100B213706}"
EndProject
Global
	GlobalSection(SolutionConfigurationPlatforms) = preSolution
		Debug|Any CPU = Debug|Any CPU
		Release|Any CPU = Release|Any CPU
	EndGlobalSection
	GlobalSection(ProjectConfigurationPlatforms) = postSolution
		{95697936-A06A-40A1-8D58-93100B213706}.Debug|Any CPU.ActiveCfg = Debug|Any CPU
		{95697936-A06A-40A1-8D58-93100B213706}.Debug|Any CPU.Build.0 = Debug|Any CPU
		{95697936-A06A-40A1-8D58-93100B213706}.Release|Any CPU.ActiveCfg = Release|Any CPU
		{95697936-A06A-40A1-8D58-93100B213706}.Release|Any CPU.Build.0 = Release|Any CPU
	EndGlobalSection
	GlobalSection(SolutionProperties) = preSolution
		HideSolutionNode = FALSE
	EndGlobalSection
	GlobalSection(ExtensibilityGlobals) = postSolution
		SolutionGuid = {AFEA2896-CEC1-45A9-A80A-0C1B661AFE71}
	EndGlobalSection
EndGlobal
